
Microsoft Visual Studio Solution File, Format Version 12.00
# Visual Studio Version 17
VisualStudioVersion = 17.4.33213.308
MinimumVisualStudioVersion = 10.0.40219.1
Project("{2150E333-8FDC-42A3-9474-1A3956D46DE8}") = "01-Exercicio", "01-Exercicio", "{33844043-D91D-4485-B623-34B436137E1F}"
EndProject
Project("{9A19103F-16F7-4668-BE54-9A1E7A4F7556}") = "ExercicioUm", "ExercicioUm\ExercicioUm.csproj", "{5D05A37F-9D77-4068-B289-1E58E57D1E99}"
EndProject
Project("{2150E333-8FDC-42A3-9474-1A3956D46DE8}") = "02-Exercicio", "02-Exercicio", "{C7F8EAB3-4B25-4CD9-9918-249331BC44E4}"
EndProject
Project("{9A19103F-16F7-4668-BE54-9A1E7A4F7556}") = "ExercicioDois", "ExercicioDois\ExercicioDois.csproj", "{4A67F2B8-A1F1-4146-BEA0-3C13F1C0C65A}"
EndProject
Project("{2150E333-8FDC-42A3-9474-1A3956D46DE8}") = "03-Exercicio", "03-Exercicio", "{7FAE10C7-B5CB-47C9-A365-D350A539B29B}"
EndProject
Project("{9A19103F-16F7-4668-BE54-9A1E7A4F7556}") = "ExercicioTres", "ExercicioTres\ExercicioTres.csproj", "{BC6CD460-6009-4E99-8C4B-211CDBDB3DEC}"
EndProject
Project("{2150E333-8FDC-42A3-9474-1A3956D46DE8}") = "04-Exercicio", "04-Exercicio", "{AA1D90C0-2584-4235-AA00-BCB4DDFDE4FF}"
EndProject
Project("{9A19103F-16F7-4668-BE54-9A1E7A4F7556}") = "ExercicioQuatro", "ExercicioQuatro\ExercicioQuatro.csproj", "{0A0EA105-0D61-45FE-A598-B880E34698B5}"
EndProject
Project("{2150E333-8FDC-42A3-9474-1A3956D46DE8}") = "05-Exercicio", "05-Exercicio", "{89ACE8C4-04AD-4289-BCB2-F0116D2AADF0}"
EndProject
Project("{9A19103F-16F7-4668-BE54-9A1E7A4F7556}") = "ExercicioCinco", "ExercicioCinco\ExercicioCinco.csproj", "{25885748-57B2-4879-A42C-210EFD186C5C}"
EndProject
Project("{2150E333-8FDC-42A3-9474-1A3956D46DE8}") = "06-Exercicio", "06-Exercicio", "{496DAEC9-A463-43B6-BE25-9BAECE520AA3}"
EndProject
Project("{9A19103F-16F7-4668-BE54-9A1E7A4F7556}") = "ExercicioSeis", "ExercicioSeis\ExercicioSeis.csproj", "{6837950C-CF52-4292-95D9-BAE688A883FA}"
EndProject
Project("{2150E333-8FDC-42A3-9474-1A3956D46DE8}") = "07-Exercicio", "07-Exercicio", "{2D642EB9-522C-4EB3-BA65-6DC9299F26F3}"
EndProject
Project("{9A19103F-16F7-4668-BE54-9A1E7A4F7556}") = "ExercicioSete", "ExercicioSete\ExercicioSete.csproj", "{3568A17E-2743-43F5-8033-71A3626400F5}"
EndProject
Project("{2150E333-8FDC-42A3-9474-1A3956D46DE8}") = "08-Exercicio", "08-Exercicio", "{CA3231C6-1A20-4F12-8189-4B9B00DF1114}"
EndProject
Project("{9A19103F-16F7-4668-BE54-9A1E7A4F7556}") = "ExercicioOito", "ExercicioOito\ExercicioOito.csproj", "{D38C731B-0C02-4143-B70C-28FC29D43885}"
EndProject
Project("{2150E333-8FDC-42A3-9474-1A3956D46DE8}") = "09-Exercicio", "09-Exercicio", "{3721815B-5AC8-4902-B911-523B38A4B63A}"
EndProject
Project("{FAE04EC0-301F-11D3-BF4B-00C04F79EFBC}") = "ExercicioNove", "ExercicioNove\ExercicioNove.csproj", "{261CCA77-FD2B-4F56-9E05-C0C62C7A1E1E}"
EndProject
Project("{2150E333-8FDC-42A3-9474-1A3956D46DE8}") = "10-Exercicio", "10-Exercicio", "{8A8D2F77-43BD-4300-9B26-80FFEA0A461E}"
EndProject
Project("{FAE04EC0-301F-11D3-BF4B-00C04F79EFBC}") = "ExercicioDez", "ExercicioDez\ExercicioDez.csproj", "{1EE74650-BB4E-454E-8B61-7D9F7DEDE64A}"
EndProject
Global
	GlobalSection(SolutionConfigurationPlatforms) = preSolution
		Debug|Any CPU = Debug|Any CPU
		Release|Any CPU = Release|Any CPU
	EndGlobalSection
	GlobalSection(ProjectConfigurationPlatforms) = postSolution
		{5D05A37F-9D77-4068-B289-1E58E57D1E99}.Debug|Any CPU.ActiveCfg = Debug|Any CPU
		{5D05A37F-9D77-4068-B289-1E58E57D1E99}.Debug|Any CPU.Build.0 = Debug|Any CPU
		{5D05A37F-9D77-4068-B289-1E58E57D1E99}.Release|Any CPU.ActiveCfg = Release|Any CPU
		{5D05A37F-9D77-4068-B289-1E58E57D1E99}.Release|Any CPU.Build.0 = Release|Any CPU
		{4A67F2B8-A1F1-4146-BEA0-3C13F1C0C65A}.Debug|Any CPU.ActiveCfg = Debug|Any CPU
		{4A67F2B8-A1F1-4146-BEA0-3C13F1C0C65A}.Debug|Any CPU.Build.0 = Debug|Any CPU
		{4A67F2B8-A1F1-4146-BEA0-3C13F1C0C65A}.Release|Any CPU.ActiveCfg = Release|Any CPU
		{4A67F2B8-A1F1-4146-BEA0-3C13F1C0C65A}.Release|Any CPU.Build.0 = Release|Any CPU
		{BC6CD460-6009-4E99-8C4B-211CDBDB3DEC}.Debug|Any CPU.ActiveCfg = Debug|Any CPU
		{BC6CD460-6009-4E99-8C4B-211CDBDB3DEC}.Debug|Any CPU.Build.0 = Debug|Any CPU
		{BC6CD460-6009-4E99-8C4B-211CDBDB3DEC}.Release|Any CPU.ActiveCfg = Release|Any CPU
		{BC6CD460-6009-4E99-8C4B-211CDBDB3DEC}.Release|Any CPU.Build.0 = Release|Any CPU
		{0A0EA105-0D61-45FE-A598-B880E34698B5}.Debug|Any CPU.ActiveCfg = Debug|Any CPU
		{0A0EA105-0D61-45FE-A598-B880E34698B5}.Debug|Any CPU.Build.0 = Debug|Any CPU
		{0A0EA105-0D61-45FE-A598-B880E34698B5}.Release|Any CPU.ActiveCfg = Release|Any CPU
		{0A0EA105-0D61-45FE-A598-B880E34698B5}.Release|Any CPU.Build.0 = Release|Any CPU
		{25885748-57B2-4879-A42C-210EFD186C5C}.Debug|Any CPU.ActiveCfg = Debug|Any CPU
		{25885748-57B2-4879-A42C-210EFD186C5C}.Debug|Any CPU.Build.0 = Debug|Any CPU
		{25885748-57B2-4879-A42C-210EFD186C5C}.Release|Any CPU.ActiveCfg = Release|Any CPU
		{25885748-57B2-4879-A42C-210EFD186C5C}.Release|Any CPU.Build.0 = Release|Any CPU
		{6837950C-CF52-4292-95D9-BAE688A883FA}.Debug|Any CPU.ActiveCfg = Debug|Any CPU
		{6837950C-CF52-4292-95D9-BAE688A883FA}.Debug|Any CPU.Build.0 = Debug|Any CPU
		{6837950C-CF52-4292-95D9-BAE688A883FA}.Release|Any CPU.ActiveCfg = Release|Any CPU
		{6837950C-CF52-4292-95D9-BAE688A883FA}.Release|Any CPU.Build.0 = Release|Any CPU
		{3568A17E-2743-43F5-8033-71A3626400F5}.Debug|Any CPU.ActiveCfg = Debug|Any CPU
		{3568A17E-2743-43F5-8033-71A3626400F5}.Debug|Any CPU.Build.0 = Debug|Any CPU
		{3568A17E-2743-43F5-8033-71A3626400F5}.Release|Any CPU.ActiveCfg = Release|Any CPU
		{3568A17E-2743-43F5-8033-71A3626400F5}.Release|Any CPU.Build.0 = Release|Any CPU
		{D38C731B-0C02-4143-B70C-28FC29D43885}.Debug|Any CPU.ActiveCfg = Debug|Any CPU
		{D38C731B-0C02-4143-B70C-28FC29D43885}.Debug|Any CPU.Build.0 = Debug|Any CPU
		{D38C731B-0C02-4143-B70C-28FC29D43885}.Release|Any CPU.ActiveCfg = Release|Any CPU
		{D38C731B-0C02-4143-B70C-28FC29D43885}.Release|Any CPU.Build.0 = Release|Any CPU
		{261CCA77-FD2B-4F56-9E05-C0C62C7A1E1E}.Debug|Any CPU.ActiveCfg = Debug|Any CPU
		{261CCA77-FD2B-4F56-9E05-C0C62C7A1E1E}.Debug|Any CPU.Build.0 = Debug|Any CPU
		{261CCA77-FD2B-4F56-9E05-C0C62C7A1E1E}.Release|Any CPU.ActiveCfg = Release|Any CPU
		{261CCA77-FD2B-4F56-9E05-C0C62C7A1E1E}.Release|Any CPU.Build.0 = Release|Any CPU
		{1EE74650-BB4E-454E-8B61-7D9F7DEDE64A}.Debug|Any CPU.ActiveCfg = Debug|Any CPU
		{1EE74650-BB4E-454E-8B61-7D9F7DEDE64A}.Debug|Any CPU.Build.0 = Debug|Any CPU
		{1EE74650-BB4E-454E-8B61-7D9F7DEDE64A}.Release|Any CPU.ActiveCfg = Release|Any CPU
		{1EE74650-BB4E-454E-8B61-7D9F7DEDE64A}.Release|Any CPU.Build.0 = Release|Any CPU
	EndGlobalSection
	GlobalSection(SolutionProperties) = preSolution
		HideSolutionNode = FALSE
	EndGlobalSection
	GlobalSection(NestedProjects) = preSolution
		{5D05A37F-9D77-4068-B289-1E58E57D1E99} = {33844043-D91D-4485-B623-34B436137E1F}
		{4A67F2B8-A1F1-4146-BEA0-3C13F1C0C65A} = {C7F8EAB3-4B25-4CD9-9918-249331BC44E4}
		{BC6CD460-6009-4E99-8C4B-211CDBDB3DEC} = {7FAE10C7-B5CB-47C9-A365-D350A539B29B}
		{0A0EA105-0D61-45FE-A598-B880E34698B5} = {AA1D90C0-2584-4235-AA00-BCB4DDFDE4FF}
		{25885748-57B2-4879-A42C-210EFD186C5C} = {89ACE8C4-04AD-4289-BCB2-F0116D2AADF0}
		{6837950C-CF52-4292-95D9-BAE688A883FA} = {496DAEC9-A463-43B6-BE25-9BAECE520AA3}
		{3568A17E-2743-43F5-8033-71A3626400F5} = {2D642EB9-522C-4EB3-BA65-6DC9299F26F3}
		{D38C731B-0C02-4143-B70C-28FC29D43885} = {CA3231C6-1A20-4F12-8189-4B9B00DF1114}
		{261CCA77-FD2B-4F56-9E05-C0C62C7A1E1E} = {3721815B-5AC8-4902-B911-523B38A4B63A}
		{1EE74650-BB4E-454E-8B61-7D9F7DEDE64A} = {8A8D2F77-43BD-4300-9B26-80FFEA0A461E}
	EndGlobalSection
	GlobalSection(ExtensibilityGlobals) = postSolution
		SolutionGuid = {675D234E-D074-4D15-89E0-26598658E3C9}
	EndGlobalSection
EndGlobal
